
Microsoft Visual Studio Solution File, Format Version 12.00
# Visual Studio Version 16
VisualStudioVersion = 16.0.31313.79
MinimumVisualStudioVersion = 10.0.40219.1
Project("{9A19103F-16F7-4668-BE54-9A1E7A4F7556}") = "ScreenCrate", "ScreenCrate\ScreenCrate.csproj", "{C72AF389-36F5-4B18-BC6A-5F9E31B4BB62}"
EndProject
Global
	GlobalSection(SolutionConfigurationPlatforms) = preSolution
		Debug|Any CPU = Debug|Any CPU
		Release|Any CPU = Release|Any CPU
	EndGlobalSection
	GlobalSection(ProjectConfigurationPlatforms) = postSolution
		{C72AF389-36F5-4B18-BC6A-5F9E31B4BB62}.Debug|Any CPU.ActiveCfg = Debug|Any CPU
		{C72AF389-36F5-4B18-BC6A-5F9E31B4BB62}.Debug|Any CPU.Build.0 = Debug|Any CPU
		{C72AF389-36F5-4B18-BC6A-5F9E31B4BB62}.Release|Any CPU.ActiveCfg = Release|Any CPU
		{C72AF389-36F5-4B18-BC6A-5F9E31B4BB62}.Release|Any CPU.Build.0 = Release|Any CPU
	EndGlobalSection
	GlobalSection(SolutionProperties) = preSolution
		HideSolutionNode = FALSE
	EndGlobalSection
	GlobalSection(ExtensibilityGlobals) = postSolution
		SolutionGuid = {ADF8C846-D8EE-468B-9879-FEAAE50949F0}
	EndGlobalSection
EndGlobal
